
Microsoft Visual Studio Solution File, Format Version 12.00
# Visual Studio 15
VisualStudioVersion = 15.0.28307.539
MinimumVisualStudioVersion = 10.0.40219.1
Project("{8BC9CEB8-8B4A-11D0-8D11-00A0C91BC942}") = "Brainfuck", "Brainfuck\Brainfuck.vcxproj", "{445A6A7F-957B-4C87-B810-40ACA93601A9}"
EndProject
Global
	GlobalSection(SolutionConfigurationPlatforms) = preSolution
		Debug|x64 = Debug|x64
		Debug|x86 = Debug|x86
		Release|x64 = Release|x64
		Release|x86 = Release|x86
	EndGlobalSection
	GlobalSection(ProjectConfigurationPlatforms) = postSolution
		{445A6A7F-957B-4C87-B810-40ACA93601A9}.Debug|x64.ActiveCfg = Release|x64
		{445A6A7F-957B-4C87-B810-40ACA93601A9}.Debug|x64.Build.0 = Release|x64
		{445A6A7F-957B-4C87-B810-40ACA93601A9}.Debug|x86.ActiveCfg = Debug|Win32
		{445A6A7F-957B-4C87-B810-40ACA93601A9}.Debug|x86.Build.0 = Debug|Win32
		{445A6A7F-957B-4C87-B810-40ACA93601A9}.Release|x64.ActiveCfg = Release|x64
		{445A6A7F-957B-4C87-B810-40ACA93601A9}.Release|x64.Build.0 = Release|x64
		{445A6A7F-957B-4C87-B810-40ACA93601A9}.Release|x86.ActiveCfg = Release|Win32
		{445A6A7F-957B-4C87-B810-40ACA93601A9}.Release|x86.Build.0 = Release|Win32
	EndGlobalSection
	GlobalSection(SolutionProperties) = preSolution
		HideSolutionNode = FALSE
	EndGlobalSection
	GlobalSection(ExtensibilityGlobals) = postSolution
		SolutionGuid = {79E38243-9ACD-45A2-B141-E6934F48A8F3}
	EndGlobalSection
EndGlobal
